
Microsoft Visual Studio Solution File, Format Version 12.00
# Visual Studio Version 16
VisualStudioVersion = 16.0.30413.136
MinimumVisualStudioVersion = 10.0.40219.1
Project("{FAE04EC0-301F-11D3-BF4B-00C04F79EFBC}") = "CountingDuplicates", "CountingDuplicates.csproj", "{31BE946E-3030-437A-8F86-BF24C6DE8AE7}"
EndProject
Global
	GlobalSection(SolutionConfigurationPlatforms) = preSolution
		Debug|Any CPU = Debug|Any CPU
		Release|Any CPU = Release|Any CPU
	EndGlobalSection
	GlobalSection(ProjectConfigurationPlatforms) = postSolution
		{31BE946E-3030-437A-8F86-BF24C6DE8AE7}.Debug|Any CPU.ActiveCfg = Debug|Any CPU
		{31BE946E-3030-437A-8F86-BF24C6DE8AE7}.Debug|Any CPU.Build.0 = Debug|Any CPU
		{31BE946E-3030-437A-8F86-BF24C6DE8AE7}.Release|Any CPU.ActiveCfg = Release|Any CPU
		{31BE946E-3030-437A-8F86-BF24C6DE8AE7}.Release|Any CPU.Build.0 = Release|Any CPU
	EndGlobalSection
	GlobalSection(SolutionProperties) = preSolution
		HideSolutionNode = FALSE
	EndGlobalSection
	GlobalSection(ExtensibilityGlobals) = postSolution
		SolutionGuid = {7083EAD5-F54C-4714-A767-2FDA5726ACFD}
	EndGlobalSection
EndGlobal
