
Microsoft Visual Studio Solution File, Format Version 12.00
# Visual Studio Version 16
VisualStudioVersion = 16.0.30413.136
MinimumVisualStudioVersion = 10.0.40219.1
Project("{FAE04EC0-301F-11D3-BF4B-00C04F79EFBC}") = "Create phone number", "Create phone number.csproj", "{4E76284E-9511-4EA1-90C6-0C634DB11052}"
EndProject
Global
	GlobalSection(SolutionConfigurationPlatforms) = preSolution
		Debug|Any CPU = Debug|Any CPU
		Release|Any CPU = Release|Any CPU
	EndGlobalSection
	GlobalSection(ProjectConfigurationPlatforms) = postSolution
		{4E76284E-9511-4EA1-90C6-0C634DB11052}.Debug|Any CPU.ActiveCfg = Debug|Any CPU
		{4E76284E-9511-4EA1-90C6-0C634DB11052}.Debug|Any CPU.Build.0 = Debug|Any CPU
		{4E76284E-9511-4EA1-90C6-0C634DB11052}.Release|Any CPU.ActiveCfg = Release|Any CPU
		{4E76284E-9511-4EA1-90C6-0C634DB11052}.Release|Any CPU.Build.0 = Release|Any CPU
	EndGlobalSection
	GlobalSection(SolutionProperties) = preSolution
		HideSolutionNode = FALSE
	EndGlobalSection
	GlobalSection(ExtensibilityGlobals) = postSolution
		SolutionGuid = {9F69C9B0-8B99-4387-912C-46A5D4D55893}
	EndGlobalSection
EndGlobal
