
Microsoft Visual Studio Solution File, Format Version 12.00
# Visual Studio Version 16
VisualStudioVersion = 16.0.30413.136
MinimumVisualStudioVersion = 10.0.40219.1
Project("{FAE04EC0-301F-11D3-BF4B-00C04F79EFBC}") = "CountingDuplicates", "CountingDuplicates.csproj", "{AE127AAD-3A8A-4671-83E6-D8F897EE22D6}"
EndProject
Global
	GlobalSection(SolutionConfigurationPlatforms) = preSolution
		Debug|Any CPU = Debug|Any CPU
		Release|Any CPU = Release|Any CPU
	EndGlobalSection
	GlobalSection(ProjectConfigurationPlatforms) = postSolution
		{AE127AAD-3A8A-4671-83E6-D8F897EE22D6}.Debug|Any CPU.ActiveCfg = Debug|Any CPU
		{AE127AAD-3A8A-4671-83E6-D8F897EE22D6}.Debug|Any CPU.Build.0 = Debug|Any CPU
		{AE127AAD-3A8A-4671-83E6-D8F897EE22D6}.Release|Any CPU.ActiveCfg = Release|Any CPU
		{AE127AAD-3A8A-4671-83E6-D8F897EE22D6}.Release|Any CPU.Build.0 = Release|Any CPU
	EndGlobalSection
	GlobalSection(SolutionProperties) = preSolution
		HideSolutionNode = FALSE
	EndGlobalSection
	GlobalSection(ExtensibilityGlobals) = postSolution
		SolutionGuid = {CE9E9941-B394-4D4F-AE07-B4B55F9EB861}
	EndGlobalSection
EndGlobal
