
Microsoft Visual Studio Solution File, Format Version 12.00
# Visual Studio Version 16
VisualStudioVersion = 16.0.30413.136
MinimumVisualStudioVersion = 10.0.40219.1
Project("{FAE04EC0-301F-11D3-BF4B-00C04F79EFBC}") = "SmallestUnusedID", "SmallestUnusedID.csproj", "{CA1A62CF-1270-4A63-A613-1D4A4C35486C}"
EndProject
Global
	GlobalSection(SolutionConfigurationPlatforms) = preSolution
		Debug|Any CPU = Debug|Any CPU
		Release|Any CPU = Release|Any CPU
	EndGlobalSection
	GlobalSection(ProjectConfigurationPlatforms) = postSolution
		{CA1A62CF-1270-4A63-A613-1D4A4C35486C}.Debug|Any CPU.ActiveCfg = Debug|Any CPU
		{CA1A62CF-1270-4A63-A613-1D4A4C35486C}.Debug|Any CPU.Build.0 = Debug|Any CPU
		{CA1A62CF-1270-4A63-A613-1D4A4C35486C}.Release|Any CPU.ActiveCfg = Release|Any CPU
		{CA1A62CF-1270-4A63-A613-1D4A4C35486C}.Release|Any CPU.Build.0 = Release|Any CPU
	EndGlobalSection
	GlobalSection(SolutionProperties) = preSolution
		HideSolutionNode = FALSE
	EndGlobalSection
	GlobalSection(ExtensibilityGlobals) = postSolution
		SolutionGuid = {9CD94928-8FFC-49BD-B8A5-7FAB7C02B529}
	EndGlobalSection
EndGlobal
