
Microsoft Visual Studio Solution File, Format Version 12.00
# Visual Studio Version 16
VisualStudioVersion = 16.0.30413.136
MinimumVisualStudioVersion = 10.0.40219.1
Project("{FAE04EC0-301F-11D3-BF4B-00C04F79EFBC}") = "HumanReadableTime", "HumanReadableTime.csproj", "{6335734D-D738-4BFF-A673-B4E7AFB48EF5}"
EndProject
Global
	GlobalSection(SolutionConfigurationPlatforms) = preSolution
		Debug|Any CPU = Debug|Any CPU
		Release|Any CPU = Release|Any CPU
	EndGlobalSection
	GlobalSection(ProjectConfigurationPlatforms) = postSolution
		{6335734D-D738-4BFF-A673-B4E7AFB48EF5}.Debug|Any CPU.ActiveCfg = Debug|Any CPU
		{6335734D-D738-4BFF-A673-B4E7AFB48EF5}.Debug|Any CPU.Build.0 = Debug|Any CPU
		{6335734D-D738-4BFF-A673-B4E7AFB48EF5}.Release|Any CPU.ActiveCfg = Release|Any CPU
		{6335734D-D738-4BFF-A673-B4E7AFB48EF5}.Release|Any CPU.Build.0 = Release|Any CPU
	EndGlobalSection
	GlobalSection(SolutionProperties) = preSolution
		HideSolutionNode = FALSE
	EndGlobalSection
	GlobalSection(ExtensibilityGlobals) = postSolution
		SolutionGuid = {CAEBB29F-B6B9-4DAD-A0AD-C13C2AD90C7B}
	EndGlobalSection
EndGlobal
